{
  "nodes": {
    "alef": {
      "flake": false,
      "locked": {
        "lastModified": 1791157744,
        "narHash": "sha256-z2w1kWuNPCiiMgObcVIuyerlpwztWxqfLJ17Lhf89mM=",
        "owner": "j4niwzis",
        "repo": "alef",
        "rev": "af2097d1ce5571fd22435540d411a774c199968e",
        "type": "github"
      },
      "original": {
        "owner": "j4niwzis",
        "repo": "alef",
        "rev": "af2097d1ce5571fd22435540d411a774c199968e",
        "type": "github"
      }
    },
    "boost-pfr": {
      "flake": false,
      "locked": {
        "lastModified": 1781086050,
        "narHash": "sha256-W5nlCgMa86nJHEoiUF9cZ4DEfQGO/A9TP8KlKG/79os=",
        "owner": "boostorg",
        "repo": "pfr",
        "rev": "401385c240027423acbb1eb6dea2abe0043db5aa",
        "type": "github"
      },
      "original": {
        "owner": "boostorg",
        "repo": "pfr",
        "rev": "401385c240027423acbb1eb6dea2abe0043db5aa",
        "type": "github"
      }
    },
    "chevron": {
      "flake": false,
      "locked": {
        "lastModified": 1791141807,
        "narHash": "sha256-62BeiHEW0A0x5H6G0AqjDtlvmzADVHnyXMXCO+MifEk=",
        "owner": "j4niwzis",
        "repo": "chevron",
        "rev": "bbc3e0d2a2b67f1cd039c582ef131bafa2d81348",
        "type": "github"
      },
      "original": {
        "owner": "j4niwzis",
        "repo": "chevron",
        "rev": "bbc3e0d2a2b67f1cd039c582ef131bafa2d81348",
        "type": "github"
      }
    },
    "cldr-en": {
      "flake": false,
      "locked": {
        "narHash": "sha256-6D/vlSDz3XmMjnCqS/sfYtoO+Gnu/8+h8JQkQ5Rp2tA=",
        "type": "file",
        "url": "https://raw.githubusercontent.com/unicode-org/cldr/90e46ed15ee4716196d3299f669eff6259ec1dca/common/annotations/en.xml"
      },
      "original": {
        "type": "file",
        "url": "https://raw.githubusercontent.com/unicode-org/cldr/90e46ed15ee4716196d3299f669eff6259ec1dca/common/annotations/en.xml"
      }
    },
    "cldr-ru": {
      "flake": false,
      "locked": {
        "narHash": "sha256-VfTB/1mIUerEUXmP0CeZAxeGWrqiI88a2869Rv/dbYo=",
        "type": "file",
        "url": "https://raw.githubusercontent.com/unicode-org/cldr/90e46ed15ee4716196d3299f669eff6259ec1dca/common/annotations/ru.xml"
      },
      "original": {
        "type": "file",
        "url": "https://raw.githubusercontent.com/unicode-org/cldr/90e46ed15ee4716196d3299f669eff6259ec1dca/common/annotations/ru.xml"
      }
    },
    "knot": {
      "flake": false,
      "locked": {
        "lastModified": 1791139676,
        "narHash": "sha256-t6xtc8PhreP1MRpzgx9z1QpIQmND3HZiXSJGJMsExKU=",
        "owner": "j4niwzis",
        "repo": "knot",
        "rev": "fa98812b7a63dde5d81dcd51f3ee0dceb6f98678",
        "type": "github"
      },
      "original": {
        "owner": "j4niwzis",
        "repo": "knot",
        "rev": "fa98812b7a63dde5d81dcd51f3ee0dceb6f98678",
        "type": "github"
      }
    },
    "loom": {
      "flake": false,
      "locked": {
        "lastModified": 1791239108,
        "narHash": "sha256-kQ0LQLxkfnsuhWa4g+bIUhYcG0pZfsM3Pr6fJNBU11M=",
        "owner": "j4niwzis",
        "repo": "loom",
        "rev": "96447ca69ee375f72ecca7a71764ce2dba36d336",
        "type": "github"
      },
      "original": {
        "owner": "j4niwzis",
        "repo": "loom",
        "rev": "96447ca69ee375f72ecca7a71764ce2dba36d336",
        "type": "github"
      }
    },
    "nixpkgs": {
      "locked": {
        "lastModified": 1790822859,
        "narHash": "sha256-69xHQhAeMAD2wDXO7T2pcOZIF9Sga2W+JkmY2a11Ops=",
        "owner": "NixOS",
        "repo": "nixpkgs",
        "rev": "c59305bab2065cfecc4944690d9eedbb56f3a9fa",
        "type": "github"
      },
      "original": {
        "owner": "NixOS",
        "ref": "nixos-unstable",
        "repo": "nixpkgs",
        "type": "github"
      }
    },
    "root": {
      "inputs": {
        "alef": "alef",
        "boost-pfr": "boost-pfr",
        "chevron": "chevron",
        "cldr-en": "cldr-en",
        "cldr-ru": "cldr-ru",
        "knot": "knot",
        "loom": "loom",
        "nixpkgs": "nixpkgs",
        "skiff": "skiff",
        "skiff-widgets": "skiff-widgets",
        "splice": "splice",
        "tern": "tern"
      }
    },
    "skiff": {
      "flake": false,
      "locked": {
        "lastModified": 1791242745,
        "narHash": "sha256-aP4J5zV61MLYl4f+ApSK5nOJStKpR0p5SxAkz9Mlfag=",
        "owner": "j4niwzis",
        "repo": "skiff",
        "rev": "547091adbc241e7dd7498c0a2a86e4b39e8b0b20",
        "type": "github"
      },
      "original": {
        "owner": "j4niwzis",
        "repo": "skiff",
        "rev": "547091adbc241e7dd7498c0a2a86e4b39e8b0b20",
        "type": "github"
      }
    },
    "skiff-widgets": {
      "flake": false,
      "locked": {
        "lastModified": 1791222549,
        "narHash": "sha256-/jdkg3Y4tV48x2ZBe9VdIvYCRSvuFD8Kp4cx+6MAJNo=",
        "owner": "j4niwzis",
        "repo": "skiff-widgets",
        "rev": "0cdf560945dad34417600d3cfc50136dddcd7431",
        "type": "github"
      },
      "original": {
        "owner": "j4niwzis",
        "repo": "skiff-widgets",
        "rev": "0cdf560945dad34417600d3cfc50136dddcd7431",
        "type": "github"
      }
    },
    "splice": {
      "flake": false,
      "locked": {
        "lastModified": 1791150347,
        "narHash": "sha256-elNJAJsRv2/rFeVZU4+ekd/TXftVrE4hRbHGbVHNW8g=",
        "owner": "j4niwzis",
        "repo": "splice",
        "rev": "c3dc7bcff228014456b6f4b925da01118cb9e6f1",
        "type": "github"
      },
      "original": {
        "owner": "j4niwzis",
        "repo": "splice",
        "rev": "c3dc7bcff228014456b6f4b925da01118cb9e6f1",
        "type": "github"
      }
    },
    "tern": {
      "flake": false,
      "locked": {
        "lastModified": 1791232092,
        "narHash": "sha256-8MYclXyzN2Ax41Y05VLMuNoP1Xt/qCQib/r6TsSeYf8=",
        "owner": "j4niwzis",
        "repo": "tern",
        "rev": "92676a097f5b1b4c3c0874b23b3e864b4d892248",
        "type": "github"
      },
      "original": {
        "owner": "j4niwzis",
        "repo": "tern",
        "rev": "92676a097f5b1b4c3c0874b23b3e864b4d892248",
        "type": "github"
      }
    }
  },
  "root": "root",
  "version": 7
}
