{
  "nodes": {
    "alef": {
      "flake": false,
      "locked": {
        "lastModified": 1791262821,
        "narHash": "sha256-Wn0jPw/jkY46mgHRloijNoy21LoySgbt95GBwh6MXHs=",
        "owner": "j4niwzis",
        "repo": "alef",
        "rev": "ca0dacaab3c6dd5a9dfb3fc4c2322b756f36f744",
        "type": "github"
      },
      "original": {
        "owner": "j4niwzis",
        "repo": "alef",
        "rev": "ca0dacaab3c6dd5a9dfb3fc4c2322b756f36f744",
        "type": "github"
      }
    },
    "boost-pfr": {
      "flake": false,
      "locked": {
        "lastModified": 1781086050,
        "narHash": "sha256-W5nlCgMa86nJHEoiUF9cZ4DEfQGO/A9TP8KlKG/79os=",
        "owner": "boostorg",
        "repo": "pfr",
        "rev": "401385c240027423acbb1eb6dea2abe0043db5aa",
        "type": "github"
      },
      "original": {
        "owner": "boostorg",
        "repo": "pfr",
        "rev": "401385c240027423acbb1eb6dea2abe0043db5aa",
        "type": "github"
      }
    },
    "chevron": {
      "flake": false,
      "locked": {
        "lastModified": 1791262822,
        "narHash": "sha256-8vAF2qGVqPrhenbQzlMab2NbobRbbZ4CsqeIcSE1w1A=",
        "owner": "j4niwzis",
        "repo": "chevron",
        "rev": "8f40c545f0120747b3bf2ad6a61b420505e1249b",
        "type": "github"
      },
      "original": {
        "owner": "j4niwzis",
        "repo": "chevron",
        "rev": "8f40c545f0120747b3bf2ad6a61b420505e1249b",
        "type": "github"
      }
    },
    "cldr-en": {
      "flake": false,
      "locked": {
        "narHash": "sha256-6D/vlSDz3XmMjnCqS/sfYtoO+Gnu/8+h8JQkQ5Rp2tA=",
        "type": "file",
        "url": "https://raw.githubusercontent.com/unicode-org/cldr/90e46ed15ee4716196d3299f669eff6259ec1dca/common/annotations/en.xml"
      },
      "original": {
        "type": "file",
        "url": "https://raw.githubusercontent.com/unicode-org/cldr/90e46ed15ee4716196d3299f669eff6259ec1dca/common/annotations/en.xml"
      }
    },
    "cldr-ru": {
      "flake": false,
      "locked": {
        "narHash": "sha256-VfTB/1mIUerEUXmP0CeZAxeGWrqiI88a2869Rv/dbYo=",
        "type": "file",
        "url": "https://raw.githubusercontent.com/unicode-org/cldr/90e46ed15ee4716196d3299f669eff6259ec1dca/common/annotations/ru.xml"
      },
      "original": {
        "type": "file",
        "url": "https://raw.githubusercontent.com/unicode-org/cldr/90e46ed15ee4716196d3299f669eff6259ec1dca/common/annotations/ru.xml"
      }
    },
    "knot": {
      "flake": false,
      "locked": {
        "lastModified": 1791410709,
        "narHash": "sha256-tQ05ALEZmxMZ+6PllPf2aysGubDNx6UFx4ZsrnDkY4Q=",
        "owner": "j4niwzis",
        "repo": "knot",
        "rev": "f915e34f13265ee1302775cd4851dbfdf6201b24",
        "type": "github"
      },
      "original": {
        "owner": "j4niwzis",
        "repo": "knot",
        "rev": "f915e34f13265ee1302775cd4851dbfdf6201b24",
        "type": "github"
      }
    },
    "loom": {
      "flake": false,
      "locked": {
        "lastModified": 1791414579,
        "narHash": "sha256-cxDK3w65PrS2VyigVbSxXdYKc2xPusrZkp0uy+us1Qs=",
        "owner": "j4niwzis",
        "repo": "loom",
        "rev": "cf76d9f2c7179b411944f6e24df05f4335da8d7a",
        "type": "github"
      },
      "original": {
        "owner": "j4niwzis",
        "repo": "loom",
        "rev": "cf76d9f2c7179b411944f6e24df05f4335da8d7a",
        "type": "github"
      }
    },
    "nixpkgs": {
      "locked": {
        "lastModified": 1790822859,
        "narHash": "sha256-69xHQhAeMAD2wDXO7T2pcOZIF9Sga2W+JkmY2a11Ops=",
        "owner": "NixOS",
        "repo": "nixpkgs",
        "rev": "c59305bab2065cfecc4944690d9eedbb56f3a9fa",
        "type": "github"
      },
      "original": {
        "owner": "NixOS",
        "ref": "nixos-unstable",
        "repo": "nixpkgs",
        "type": "github"
      }
    },
    "root": {
      "inputs": {
        "alef": "alef",
        "boost-pfr": "boost-pfr",
        "chevron": "chevron",
        "cldr-en": "cldr-en",
        "cldr-ru": "cldr-ru",
        "knot": "knot",
        "loom": "loom",
        "nixpkgs": "nixpkgs",
        "skiff": "skiff",
        "skiff-widgets": "skiff-widgets",
        "splice": "splice",
        "tern": "tern"
      }
    },
    "skiff": {
      "flake": false,
      "locked": {
        "lastModified": 1791408739,
        "narHash": "sha256-HZoFUXrPug/QQotF/BXuTUFnBL8ehqFyn1lKlYmiQgs=",
        "owner": "j4niwzis",
        "repo": "skiff",
        "rev": "3ccd977a1e4c86a3868d1df27599b8cb384d11c4",
        "type": "github"
      },
      "original": {
        "owner": "j4niwzis",
        "repo": "skiff",
        "rev": "3ccd977a1e4c86a3868d1df27599b8cb384d11c4",
        "type": "github"
      }
    },
    "skiff-widgets": {
      "flake": false,
      "locked": {
        "lastModified": 1791355771,
        "narHash": "sha256-3svDkojm1zc8doxqvrwlrt5OLrpJ4OLwkNtcvadBzNc=",
        "owner": "j4niwzis",
        "repo": "skiff-widgets",
        "rev": "dd4713eeaf699a51ba65e74f35fa0b5f27e71f95",
        "type": "github"
      },
      "original": {
        "owner": "j4niwzis",
        "repo": "skiff-widgets",
        "rev": "dd4713eeaf699a51ba65e74f35fa0b5f27e71f95",
        "type": "github"
      }
    },
    "splice": {
      "flake": false,
      "locked": {
        "lastModified": 1791262818,
        "narHash": "sha256-nfdNzHDjS21vpwRgEpnnqdo0EgFkY9Rd3laqDgdGoTw=",
        "owner": "j4niwzis",
        "repo": "splice",
        "rev": "8a7755a335917daf3bbfc54ef8a3a160f8445d15",
        "type": "github"
      },
      "original": {
        "owner": "j4niwzis",
        "repo": "splice",
        "rev": "8a7755a335917daf3bbfc54ef8a3a160f8445d15",
        "type": "github"
      }
    },
    "tern": {
      "flake": false,
      "locked": {
        "lastModified": 1791262823,
        "narHash": "sha256-QtEt7p0gJokejB1qfsQYHCo60jkV0bLcn/wZE60+Pag=",
        "owner": "j4niwzis",
        "repo": "tern",
        "rev": "4178dfe4aa539799a04a71e3c6fde3a62c84d8d8",
        "type": "github"
      },
      "original": {
        "owner": "j4niwzis",
        "repo": "tern",
        "rev": "4178dfe4aa539799a04a71e3c6fde3a62c84d8d8",
        "type": "github"
      }
    }
  },
  "root": "root",
  "version": 7
}
